
Microsoft Visual Studio Solution File, Format Version 12.00
# Visual Studio 14
VisualStudioVersion = 14.0.25420.1
MinimumVisualStudioVersion = 10.0.40219.1
Project("{2150E333-8FDC-42A3-9474-1A3956D46DE8}") = "Lib", "Lib", "{1307A7F4-51CD-4826-AC2D-0A11743D1322}"
EndProject
Project("{FAE04EC0-301F-11D3-BF4B-00C04F79EFBC}") = "Microsoft.IoT.Devices", "Lib\Microsoft.IoT.Devices\Microsoft.IoT.Devices.csproj", "{1ED1007A-7708-4721-B16B-4283A66A4290}"
	ProjectSection(ProjectDependencies) = postProject
		{304A00E3-07F1-4148-904B-2512A2D09705} = {304A00E3-07F1-4148-904B-2512A2D09705}
		{A4A5D4F4-4E52-4DB6-9FBC-4826554A1944} = {A4A5D4F4-4E52-4DB6-9FBC-4826554A1944}
	EndProjectSection
EndProject
Project("{2150E333-8FDC-42A3-9474-1A3956D46DE8}") = "Samples", "Samples", "{CA058EAD-6352-4E15-AB26-54D0807FB3CC}"
EndProject
Project("{FAE04EC0-301F-11D3-BF4B-00C04F79EFBC}") = "DeviceTester", "Samples\DeviceTester\DeviceTester.csproj", "{5DDDBDE6-2A72-4012-9251-BA0A1087D117}"
EndProject
Project("{2150E333-8FDC-42A3-9474-1A3956D46DE8}") = "Packaging", "Packaging", "{288F2A17-7DBB-4C81-81B1-CD4EDA7E7E82}"
	ProjectSection(SolutionItems) = preProject
		Packaging\Build.cmd = Packaging\Build.cmd
		Packaging\Build.proj = Packaging\Build.proj
		Packaging\BuildAndPackage.cmd = Packaging\BuildAndPackage.cmd
		Packaging\Microsoft.IoT.DeviceCore.nuspec = Packaging\Microsoft.IoT.DeviceCore.nuspec
		Packaging\Microsoft.IoT.DeviceHelpers.nuspec = Packaging\Microsoft.IoT.DeviceHelpers.nuspec
		Packaging\Microsoft.IoT.Devices.nuspec = Packaging\Microsoft.IoT.Devices.nuspec
		Packaging\Package.cmd = Packaging\Package.cmd
	EndProjectSection
EndProject
Project("{FAE04EC0-301F-11D3-BF4B-00C04F79EFBC}") = "AvoidanceSample", "Samples\AvoidanceSample\AvoidanceSample.csproj", "{CD0FDF48-E06A-4A49-9226-2CB0620C8F1A}"
EndProject
Project("{FAE04EC0-301F-11D3-BF4B-00C04F79EFBC}") = "LightReader", "Samples\LightReader\LightReader.csproj", "{C4AAF111-6C6F-428A-B43C-6285EC026950}"
EndProject
Project("{FAE04EC0-301F-11D3-BF4B-00C04F79EFBC}") = "PwmLed", "Samples\PwmLed\PwmLed.csproj", "{6277864D-4F28-4439-844A-9B07FC2B2224}"
EndProject
Project("{FAE04EC0-301F-11D3-BF4B-00C04F79EFBC}") = "Microsoft.IoT.DeviceCore", "Lib\Microsoft.IoT.DeviceCore\Microsoft.IoT.DeviceCore.csproj", "{A4A5D4F4-4E52-4DB6-9FBC-4826554A1944}"
EndProject
Project("{FAE04EC0-301F-11D3-BF4B-00C04F79EFBC}") = "Microsoft.IoT.DeviceHelpers", "Lib\Microsoft.IoT.DeviceHelpers\Microsoft.IoT.DeviceHelpers.csproj", "{304A00E3-07F1-4148-904B-2512A2D09705}"
	ProjectSection(ProjectDependencies) = postProject
		{A4A5D4F4-4E52-4DB6-9FBC-4826554A1944} = {A4A5D4F4-4E52-4DB6-9FBC-4826554A1944}
	EndProjectSection
EndProject
Project("{FAE04EC0-301F-11D3-BF4B-00C04F79EFBC}") = "Breathalyzer", "Samples\Breathalyzer\Breathalyzer.csproj", "{DAF45663-8A70-43CC-B134-3B72EA33AE47}"
EndProject
Project("{FAE04EC0-301F-11D3-BF4B-00C04F79EFBC}") = "SolarSystem", "Samples\SolarSystem\SolarSystem.csproj", "{F2D0BE2A-64D7-4EBE-B9F7-76C41F001C29}"
EndProject
Project("{2150E333-8FDC-42A3-9474-1A3956D46DE8}") = "Doc", "Doc", "{EDB08ECE-19AE-446E-9DB0-2F5906FE9098}"
EndProject
Project("{7CF6DF6D-3B04-46F8-A40B-537D21BCA0B4}") = "DevicesDoc", "Doc\DevicesDoc\DevicesDoc.shfbproj", "{43164D57-9B17-49A2-A931-3A971A8D6A8A}"
	ProjectSection(ProjectDependencies) = postProject
		{1ED1007A-7708-4721-B16B-4283A66A4290} = {1ED1007A-7708-4721-B16B-4283A66A4290}
		{304A00E3-07F1-4148-904B-2512A2D09705} = {304A00E3-07F1-4148-904B-2512A2D09705}
		{A4A5D4F4-4E52-4DB6-9FBC-4826554A1944} = {A4A5D4F4-4E52-4DB6-9FBC-4826554A1944}
	EndProjectSection
EndProject
Global
	GlobalSection(SolutionConfigurationPlatforms) = preSolution
		Debug|Any CPU = Debug|Any CPU
		Debug|ARM = Debug|ARM
		Debug|x64 = Debug|x64
		Debug|x86 = Debug|x86
		Release|Any CPU = Release|Any CPU
		Release|ARM = Release|ARM
		Release|x64 = Release|x64
		Release|x86 = Release|x86
	EndGlobalSection
	GlobalSection(ProjectConfigurationPlatforms) = postSolution
		{1ED1007A-7708-4721-B16B-4283A66A4290}.Debug|Any CPU.ActiveCfg = Debug|Any CPU
		{1ED1007A-7708-4721-B16B-4283A66A4290}.Debug|Any CPU.Build.0 = Debug|Any CPU
		{1ED1007A-7708-4721-B16B-4283A66A4290}.Debug|ARM.ActiveCfg = Debug|Any CPU
		{1ED1007A-7708-4721-B16B-4283A66A4290}.Debug|ARM.Build.0 = Debug|Any CPU
		{1ED1007A-7708-4721-B16B-4283A66A4290}.Debug|x64.ActiveCfg = Debug|Any CPU
		{1ED1007A-7708-4721-B16B-4283A66A4290}.Debug|x64.Build.0 = Debug|Any CPU
		{1ED1007A-7708-4721-B16B-4283A66A4290}.Debug|x86.ActiveCfg = Debug|Any CPU
		{1ED1007A-7708-4721-B16B-4283A66A4290}.Debug|x86.Build.0 = Debug|Any CPU
		{1ED1007A-7708-4721-B16B-4283A66A4290}.Release|Any CPU.ActiveCfg = Release|Any CPU
		{1ED1007A-7708-4721-B16B-4283A66A4290}.Release|Any CPU.Build.0 = Release|Any CPU
		{1ED1007A-7708-4721-B16B-4283A66A4290}.Release|ARM.ActiveCfg = Release|Any CPU
		{1ED1007A-7708-4721-B16B-4283A66A4290}.Release|ARM.Build.0 = Release|Any CPU
		{1ED1007A-7708-4721-B16B-4283A66A4290}.Release|x64.ActiveCfg = Release|Any CPU
		{1ED1007A-7708-4721-B16B-4283A66A4290}.Release|x64.Build.0 = Release|Any CPU
		{1ED1007A-7708-4721-B16B-4283A66A4290}.Release|x86.ActiveCfg = Release|Any CPU
		{1ED1007A-7708-4721-B16B-4283A66A4290}.Release|x86.Build.0 = Release|Any CPU
		{5DDDBDE6-2A72-4012-9251-BA0A1087D117}.Debug|Any CPU.ActiveCfg = Debug|x86
		{5DDDBDE6-2A72-4012-9251-BA0A1087D117}.Debug|ARM.ActiveCfg = Debug|ARM
		{5DDDBDE6-2A72-4012-9251-BA0A1087D117}.Debug|ARM.Build.0 = Debug|ARM
		{5DDDBDE6-2A72-4012-9251-BA0A1087D117}.Debug|ARM.Deploy.0 = Debug|ARM
		{5DDDBDE6-2A72-4012-9251-BA0A1087D117}.Debug|x64.ActiveCfg = Debug|x64
		{5DDDBDE6-2A72-4012-9251-BA0A1087D117}.Debug|x64.Build.0 = Debug|x64
		{5DDDBDE6-2A72-4012-9251-BA0A1087D117}.Debug|x64.Deploy.0 = Debug|x64
		{5DDDBDE6-2A72-4012-9251-BA0A1087D117}.Debug|x86.ActiveCfg = Debug|x86
		{5DDDBDE6-2A72-4012-9251-BA0A1087D117}.Debug|x86.Build.0 = Debug|x86
		{5DDDBDE6-2A72-4012-9251-BA0A1087D117}.Debug|x86.Deploy.0 = Debug|x86
		{5DDDBDE6-2A72-4012-9251-BA0A1087D117}.Release|Any CPU.ActiveCfg = Release|x86
		{5DDDBDE6-2A72-4012-9251-BA0A1087D117}.Release|ARM.ActiveCfg = Release|ARM
		{5DDDBDE6-2A72-4012-9251-BA0A1087D117}.Release|ARM.Build.0 = Release|ARM
		{5DDDBDE6-2A72-4012-9251-BA0A1087D117}.Release|ARM.Deploy.0 = Release|ARM
		{5DDDBDE6-2A72-4012-9251-BA0A1087D117}.Release|x64.ActiveCfg = Release|x64
		{5DDDBDE6-2A72-4012-9251-BA0A1087D117}.Release|x64.Build.0 = Release|x64
		{5DDDBDE6-2A72-4012-9251-BA0A1087D117}.Release|x64.Deploy.0 = Release|x64
		{5DDDBDE6-2A72-4012-9251-BA0A1087D117}.Release|x86.ActiveCfg = Release|x86
		{5DDDBDE6-2A72-4012-9251-BA0A1087D117}.Release|x86.Build.0 = Release|x86
		{5DDDBDE6-2A72-4012-9251-BA0A1087D117}.Release|x86.Deploy.0 = Release|x86
		{CD0FDF48-E06A-4A49-9226-2CB0620C8F1A}.Debug|Any CPU.ActiveCfg = Debug|x86
		{CD0FDF48-E06A-4A49-9226-2CB0620C8F1A}.Debug|ARM.ActiveCfg = Debug|ARM
		{CD0FDF48-E06A-4A49-9226-2CB0620C8F1A}.Debug|ARM.Build.0 = Debug|ARM
		{CD0FDF48-E06A-4A49-9226-2CB0620C8F1A}.Debug|ARM.Deploy.0 = Debug|ARM
		{CD0FDF48-E06A-4A49-9226-2CB0620C8F1A}.Debug|x64.ActiveCfg = Debug|x64
		{CD0FDF48-E06A-4A49-9226-2CB0620C8F1A}.Debug|x64.Build.0 = Debug|x64
		{CD0FDF48-E06A-4A49-9226-2CB0620C8F1A}.Debug|x64.Deploy.0 = Debug|x64
		{CD0FDF48-E06A-4A49-9226-2CB0620C8F1A}.Debug|x86.ActiveCfg = Debug|x86
		{CD0FDF48-E06A-4A49-9226-2CB0620C8F1A}.Debug|x86.Build.0 = Debug|x86
		{CD0FDF48-E06A-4A49-9226-2CB0620C8F1A}.Debug|x86.Deploy.0 = Debug|x86
		{CD0FDF48-E06A-4A49-9226-2CB0620C8F1A}.Release|Any CPU.ActiveCfg = Release|x86
		{CD0FDF48-E06A-4A49-9226-2CB0620C8F1A}.Release|ARM.ActiveCfg = Release|ARM
		{CD0FDF48-E06A-4A49-9226-2CB0620C8F1A}.Release|ARM.Build.0 = Release|ARM
		{CD0FDF48-E06A-4A49-9226-2CB0620C8F1A}.Release|ARM.Deploy.0 = Release|ARM
		{CD0FDF48-E06A-4A49-9226-2CB0620C8F1A}.Release|x64.ActiveCfg = Release|x64
		{CD0FDF48-E06A-4A49-9226-2CB0620C8F1A}.Release|x64.Build.0 = Release|x64
		{CD0FDF48-E06A-4A49-9226-2CB0620C8F1A}.Release|x64.Deploy.0 = Release|x64
		{CD0FDF48-E06A-4A49-9226-2CB0620C8F1A}.Release|x86.ActiveCfg = Release|x86
		{CD0FDF48-E06A-4A49-9226-2CB0620C8F1A}.Release|x86.Build.0 = Release|x86
		{CD0FDF48-E06A-4A49-9226-2CB0620C8F1A}.Release|x86.Deploy.0 = Release|x86
		{C4AAF111-6C6F-428A-B43C-6285EC026950}.Debug|Any CPU.ActiveCfg = Debug|x86
		{C4AAF111-6C6F-428A-B43C-6285EC026950}.Debug|ARM.ActiveCfg = Debug|ARM
		{C4AAF111-6C6F-428A-B43C-6285EC026950}.Debug|ARM.Build.0 = Debug|ARM
		{C4AAF111-6C6F-428A-B43C-6285EC026950}.Debug|ARM.Deploy.0 = Debug|ARM
		{C4AAF111-6C6F-428A-B43C-6285EC026950}.Debug|x64.ActiveCfg = Debug|x64
		{C4AAF111-6C6F-428A-B43C-6285EC026950}.Debug|x64.Build.0 = Debug|x64
		{C4AAF111-6C6F-428A-B43C-6285EC026950}.Debug|x64.Deploy.0 = Debug|x64
		{C4AAF111-6C6F-428A-B43C-6285EC026950}.Debug|x86.ActiveCfg = Debug|x86
		{C4AAF111-6C6F-428A-B43C-6285EC026950}.Debug|x86.Build.0 = Debug|x86
		{C4AAF111-6C6F-428A-B43C-6285EC026950}.Debug|x86.Deploy.0 = Debug|x86
		{C4AAF111-6C6F-428A-B43C-6285EC026950}.Release|Any CPU.ActiveCfg = Release|x86
		{C4AAF111-6C6F-428A-B43C-6285EC026950}.Release|ARM.ActiveCfg = Release|ARM
		{C4AAF111-6C6F-428A-B43C-6285EC026950}.Release|ARM.Build.0 = Release|ARM
		{C4AAF111-6C6F-428A-B43C-6285EC026950}.Release|ARM.Deploy.0 = Release|ARM
		{C4AAF111-6C6F-428A-B43C-6285EC026950}.Release|x64.ActiveCfg = Release|x64
		{C4AAF111-6C6F-428A-B43C-6285EC026950}.Release|x64.Build.0 = Release|x64
		{C4AAF111-6C6F-428A-B43C-6285EC026950}.Release|x64.Deploy.0 = Release|x64
		{C4AAF111-6C6F-428A-B43C-6285EC026950}.Release|x86.ActiveCfg = Release|x86
		{C4AAF111-6C6F-428A-B43C-6285EC026950}.Release|x86.Build.0 = Release|x86
		{C4AAF111-6C6F-428A-B43C-6285EC026950}.Release|x86.Deploy.0 = Release|x86
		{6277864D-4F28-4439-844A-9B07FC2B2224}.Debug|Any CPU.ActiveCfg = Debug|x86
		{6277864D-4F28-4439-844A-9B07FC2B2224}.Debug|ARM.ActiveCfg = Debug|ARM
		{6277864D-4F28-4439-844A-9B07FC2B2224}.Debug|ARM.Build.0 = Debug|ARM
		{6277864D-4F28-4439-844A-9B07FC2B2224}.Debug|ARM.Deploy.0 = Debug|ARM
		{6277864D-4F28-4439-844A-9B07FC2B2224}.Debug|x64.ActiveCfg = Debug|x64
		{6277864D-4F28-4439-844A-9B07FC2B2224}.Debug|x64.Build.0 = Debug|x64
		{6277864D-4F28-4439-844A-9B07FC2B2224}.Debug|x64.Deploy.0 = Debug|x64
		{6277864D-4F28-4439-844A-9B07FC2B2224}.Debug|x86.ActiveCfg = Debug|x86
		{6277864D-4F28-4439-844A-9B07FC2B2224}.Debug|x86.Build.0 = Debug|x86
		{6277864D-4F28-4439-844A-9B07FC2B2224}.Debug|x86.Deploy.0 = Debug|x86
		{6277864D-4F28-4439-844A-9B07FC2B2224}.Release|Any CPU.ActiveCfg = Release|x86
		{6277864D-4F28-4439-844A-9B07FC2B2224}.Release|ARM.ActiveCfg = Release|ARM
		{6277864D-4F28-4439-844A-9B07FC2B2224}.Release|ARM.Build.0 = Release|ARM
		{6277864D-4F28-4439-844A-9B07FC2B2224}.Release|ARM.Deploy.0 = Release|ARM
		{6277864D-4F28-4439-844A-9B07FC2B2224}.Release|x64.ActiveCfg = Release|x64
		{6277864D-4F28-4439-844A-9B07FC2B2224}.Release|x64.Build.0 = Release|x64
		{6277864D-4F28-4439-844A-9B07FC2B2224}.Release|x64.Deploy.0 = Release|x64
		{6277864D-4F28-4439-844A-9B07FC2B2224}.Release|x86.ActiveCfg = Release|x86
		{6277864D-4F28-4439-844A-9B07FC2B2224}.Release|x86.Build.0 = Release|x86
		{6277864D-4F28-4439-844A-9B07FC2B2224}.Release|x86.Deploy.0 = Release|x86
		{A4A5D4F4-4E52-4DB6-9FBC-4826554A1944}.Debug|Any CPU.ActiveCfg = Debug|Any CPU
		{A4A5D4F4-4E52-4DB6-9FBC-4826554A1944}.Debug|Any CPU.Build.0 = Debug|Any CPU
		{A4A5D4F4-4E52-4DB6-9FBC-4826554A1944}.Debug|ARM.ActiveCfg = Debug|Any CPU
		{A4A5D4F4-4E52-4DB6-9FBC-4826554A1944}.Debug|ARM.Build.0 = Debug|Any CPU
		{A4A5D4F4-4E52-4DB6-9FBC-4826554A1944}.Debug|x64.ActiveCfg = Debug|Any CPU
		{A4A5D4F4-4E52-4DB6-9FBC-4826554A1944}.Debug|x64.Build.0 = Debug|Any CPU
		{A4A5D4F4-4E52-4DB6-9FBC-4826554A1944}.Debug|x86.ActiveCfg = Debug|Any CPU
		{A4A5D4F4-4E52-4DB6-9FBC-4826554A1944}.Debug|x86.Build.0 = Debug|Any CPU
		{A4A5D4F4-4E52-4DB6-9FBC-4826554A1944}.Release|Any CPU.ActiveCfg = Release|Any CPU
		{A4A5D4F4-4E52-4DB6-9FBC-4826554A1944}.Release|Any CPU.Build.0 = Release|Any CPU
		{A4A5D4F4-4E52-4DB6-9FBC-4826554A1944}.Release|ARM.ActiveCfg = Release|Any CPU
		{A4A5D4F4-4E52-4DB6-9FBC-4826554A1944}.Release|ARM.Build.0 = Release|Any CPU
		{A4A5D4F4-4E52-4DB6-9FBC-4826554A1944}.Release|x64.ActiveCfg = Release|Any CPU
		{A4A5D4F4-4E52-4DB6-9FBC-4826554A1944}.Release|x64.Build.0 = Release|Any CPU
		{A4A5D4F4-4E52-4DB6-9FBC-4826554A1944}.Release|x86.ActiveCfg = Release|Any CPU
		{A4A5D4F4-4E52-4DB6-9FBC-4826554A1944}.Release|x86.Build.0 = Release|Any CPU
		{304A00E3-07F1-4148-904B-2512A2D09705}.Debug|Any CPU.ActiveCfg = Debug|Any CPU
		{304A00E3-07F1-4148-904B-2512A2D09705}.Debug|Any CPU.Build.0 = Debug|Any CPU
		{304A00E3-07F1-4148-904B-2512A2D09705}.Debug|ARM.ActiveCfg = Debug|Any CPU
		{304A00E3-07F1-4148-904B-2512A2D09705}.Debug|ARM.Build.0 = Debug|Any CPU
		{304A00E3-07F1-4148-904B-2512A2D09705}.Debug|x64.ActiveCfg = Debug|Any CPU
		{304A00E3-07F1-4148-904B-2512A2D09705}.Debug|x64.Build.0 = Debug|Any CPU
		{304A00E3-07F1-4148-904B-2512A2D09705}.Debug|x86.ActiveCfg = Debug|Any CPU
		{304A00E3-07F1-4148-904B-2512A2D09705}.Debug|x86.Build.0 = Debug|Any CPU
		{304A00E3-07F1-4148-904B-2512A2D09705}.Release|Any CPU.ActiveCfg = Release|Any CPU
		{304A00E3-07F1-4148-904B-2512A2D09705}.Release|Any CPU.Build.0 = Release|Any CPU
		{304A00E3-07F1-4148-904B-2512A2D09705}.Release|ARM.ActiveCfg = Release|Any CPU
		{304A00E3-07F1-4148-904B-2512A2D09705}.Release|ARM.Build.0 = Release|Any CPU
		{304A00E3-07F1-4148-904B-2512A2D09705}.Release|x64.ActiveCfg = Release|Any CPU
		{304A00E3-07F1-4148-904B-2512A2D09705}.Release|x64.Build.0 = Release|Any CPU
		{304A00E3-07F1-4148-904B-2512A2D09705}.Release|x86.ActiveCfg = Release|Any CPU
		{304A00E3-07F1-4148-904B-2512A2D09705}.Release|x86.Build.0 = Release|Any CPU
		{DAF45663-8A70-43CC-B134-3B72EA33AE47}.Debug|Any CPU.ActiveCfg = Debug|x86
		{DAF45663-8A70-43CC-B134-3B72EA33AE47}.Debug|ARM.ActiveCfg = Debug|ARM
		{DAF45663-8A70-43CC-B134-3B72EA33AE47}.Debug|x64.ActiveCfg = Debug|x64
		{DAF45663-8A70-43CC-B134-3B72EA33AE47}.Debug|x86.ActiveCfg = Debug|x86
		{DAF45663-8A70-43CC-B134-3B72EA33AE47}.Release|Any CPU.ActiveCfg = Release|x86
		{DAF45663-8A70-43CC-B134-3B72EA33AE47}.Release|ARM.ActiveCfg = Release|ARM
		{DAF45663-8A70-43CC-B134-3B72EA33AE47}.Release|x64.ActiveCfg = Release|x64
		{DAF45663-8A70-43CC-B134-3B72EA33AE47}.Release|x86.ActiveCfg = Release|x86
		{F2D0BE2A-64D7-4EBE-B9F7-76C41F001C29}.Debug|Any CPU.ActiveCfg = Debug|x86
		{F2D0BE2A-64D7-4EBE-B9F7-76C41F001C29}.Debug|ARM.ActiveCfg = Debug|ARM
		{F2D0BE2A-64D7-4EBE-B9F7-76C41F001C29}.Debug|ARM.Build.0 = Debug|ARM
		{F2D0BE2A-64D7-4EBE-B9F7-76C41F001C29}.Debug|ARM.Deploy.0 = Debug|ARM
		{F2D0BE2A-64D7-4EBE-B9F7-76C41F001C29}.Debug|x64.ActiveCfg = Debug|x64
		{F2D0BE2A-64D7-4EBE-B9F7-76C41F001C29}.Debug|x64.Build.0 = Debug|x64
		{F2D0BE2A-64D7-4EBE-B9F7-76C41F001C29}.Debug|x64.Deploy.0 = Debug|x64
		{F2D0BE2A-64D7-4EBE-B9F7-76C41F001C29}.Debug|x86.ActiveCfg = Debug|x86
		{F2D0BE2A-64D7-4EBE-B9F7-76C41F001C29}.Debug|x86.Build.0 = Debug|x86
		{F2D0BE2A-64D7-4EBE-B9F7-76C41F001C29}.Debug|x86.Deploy.0 = Debug|x86
		{F2D0BE2A-64D7-4EBE-B9F7-76C41F001C29}.Release|Any CPU.ActiveCfg = Release|x86
		{F2D0BE2A-64D7-4EBE-B9F7-76C41F001C29}.Release|ARM.ActiveCfg = Release|ARM
		{F2D0BE2A-64D7-4EBE-B9F7-76C41F001C29}.Release|ARM.Build.0 = Release|ARM
		{F2D0BE2A-64D7-4EBE-B9F7-76C41F001C29}.Release|ARM.Deploy.0 = Release|ARM
		{F2D0BE2A-64D7-4EBE-B9F7-76C41F001C29}.Release|x64.ActiveCfg = Release|x64
		{F2D0BE2A-64D7-4EBE-B9F7-76C41F001C29}.Release|x64.Build.0 = Release|x64
		{F2D0BE2A-64D7-4EBE-B9F7-76C41F001C29}.Release|x64.Deploy.0 = Release|x64
		{F2D0BE2A-64D7-4EBE-B9F7-76C41F001C29}.Release|x86.ActiveCfg = Release|x86
		{F2D0BE2A-64D7-4EBE-B9F7-76C41F001C29}.Release|x86.Build.0 = Release|x86
		{F2D0BE2A-64D7-4EBE-B9F7-76C41F001C29}.Release|x86.Deploy.0 = Release|x86
		{43164D57-9B17-49A2-A931-3A971A8D6A8A}.Debug|Any CPU.ActiveCfg = Debug|Any CPU
		{43164D57-9B17-49A2-A931-3A971A8D6A8A}.Debug|ARM.ActiveCfg = Debug|Any CPU
		{43164D57-9B17-49A2-A931-3A971A8D6A8A}.Debug|x64.ActiveCfg = Debug|Any CPU
		{43164D57-9B17-49A2-A931-3A971A8D6A8A}.Debug|x86.ActiveCfg = Debug|Any CPU
		{43164D57-9B17-49A2-A931-3A971A8D6A8A}.Release|Any CPU.ActiveCfg = Release|Any CPU
		{43164D57-9B17-49A2-A931-3A971A8D6A8A}.Release|ARM.ActiveCfg = Release|Any CPU
		{43164D57-9B17-49A2-A931-3A971A8D6A8A}.Release|x64.ActiveCfg = Release|Any CPU
		{43164D57-9B17-49A2-A931-3A971A8D6A8A}.Release|x86.ActiveCfg = Release|Any CPU
	EndGlobalSection
	GlobalSection(SolutionProperties) = preSolution
		HideSolutionNode = FALSE
	EndGlobalSection
	GlobalSection(NestedProjects) = preSolution
		{1ED1007A-7708-4721-B16B-4283A66A4290} = {1307A7F4-51CD-4826-AC2D-0A11743D1322}
		{5DDDBDE6-2A72-4012-9251-BA0A1087D117} = {CA058EAD-6352-4E15-AB26-54D0807FB3CC}
		{CD0FDF48-E06A-4A49-9226-2CB0620C8F1A} = {CA058EAD-6352-4E15-AB26-54D0807FB3CC}
		{C4AAF111-6C6F-428A-B43C-6285EC026950} = {CA058EAD-6352-4E15-AB26-54D0807FB3CC}
		{6277864D-4F28-4439-844A-9B07FC2B2224} = {CA058EAD-6352-4E15-AB26-54D0807FB3CC}
		{A4A5D4F4-4E52-4DB6-9FBC-4826554A1944} = {1307A7F4-51CD-4826-AC2D-0A11743D1322}
		{304A00E3-07F1-4148-904B-2512A2D09705} = {1307A7F4-51CD-4826-AC2D-0A11743D1322}
		{DAF45663-8A70-43CC-B134-3B72EA33AE47} = {CA058EAD-6352-4E15-AB26-54D0807FB3CC}
		{F2D0BE2A-64D7-4EBE-B9F7-76C41F001C29} = {CA058EAD-6352-4E15-AB26-54D0807FB3CC}
		{43164D57-9B17-49A2-A931-3A971A8D6A8A} = {EDB08ECE-19AE-446E-9DB0-2F5906FE9098}
	EndGlobalSection
EndGlobal
